
Microsoft Visual Studio Solution File, Format Version 12.00
# Visual Studio Version 16
VisualStudioVersion = 16.0.30717.126
MinimumVisualStudioVersion = 10.0.40219.1
Project("{FAE04EC0-301F-11D3-BF4B-00C04F79EFBC}") = "variables", "variables.csproj", "{B68BD036-303B-4322-B5EF-FAB94F5AF499}"
EndProject
Global
	GlobalSection(SolutionConfigurationPlatforms) = preSolution
		Debug|Any CPU = Debug|Any CPU
		Release|Any CPU = Release|Any CPU
	EndGlobalSection
	GlobalSection(ProjectConfigurationPlatforms) = postSolution
		{B68BD036-303B-4322-B5EF-FAB94F5AF499}.Debug|Any CPU.ActiveCfg = Debug|Any CPU
		{B68BD036-303B-4322-B5EF-FAB94F5AF499}.Debug|Any CPU.Build.0 = Debug|Any CPU
		{B68BD036-303B-4322-B5EF-FAB94F5AF499}.Release|Any CPU.ActiveCfg = Release|Any CPU
		{B68BD036-303B-4322-B5EF-FAB94F5AF499}.Release|Any CPU.Build.0 = Release|Any CPU
	EndGlobalSection
	GlobalSection(SolutionProperties) = preSolution
		HideSolutionNode = FALSE
	EndGlobalSection
	GlobalSection(ExtensibilityGlobals) = postSolution
		SolutionGuid = {2B4E7F6A-AFC4-4011-BFA9-477F8DFAF384}
	EndGlobalSection
EndGlobal
